
Microsoft Visual Studio Solution File, Format Version 12.00
# Visual Studio Version 17
VisualStudioVersion = 17.3.32804.467
MinimumVisualStudioVersion = 10.0.40219.1
Project("{2150E333-8FDC-42A3-9474-1A3956D46DE8}") = "Src", "Src", "{81ED8552-2AF1-4808-9DFA-4C36184972B1}"
EndProject
Project("{2150E333-8FDC-42A3-9474-1A3956D46DE8}") = "rentACar", "rentACar", "{C54290BD-B44F-4A12-9D58-84C85193B942}"
EndProject
Project("{FAE04EC0-301F-11D3-BF4B-00C04F79EFBC}") = "Application", "src\rentACar\Application\Application.csproj", "{84095492-1F22-4086-A63B-63A2168E110E}"
EndProject
Project("{FAE04EC0-301F-11D3-BF4B-00C04F79EFBC}") = "Domain", "src\rentACar\Domain\Domain.csproj", "{BDC8F37C-A9F9-496C-BE0C-28944617A35D}"
EndProject
Project("{FAE04EC0-301F-11D3-BF4B-00C04F79EFBC}") = "WebApi", "src\rentACar\WebApi\WebApi.csproj", "{9C31CC13-507C-4A0E-A687-3F0AA25C0911}"
EndProject
Project("{FAE04EC0-301F-11D3-BF4B-00C04F79EFBC}") = "Infrastructure", "src\rentACar\Infrastructure\Infrastructure.csproj", "{9B67F5BC-3D9C-4C37-9874-FD2BB5C69603}"
EndProject
Project("{FAE04EC0-301F-11D3-BF4B-00C04F79EFBC}") = "Persistence", "src\rentACar\Persistence\Persistence.csproj", "{BFA8110D-7485-4AB0-B4D1-843265C9D8C6}"
EndProject
Project("{2150E333-8FDC-42A3-9474-1A3956D46DE8}") = "corePackages", "corePackages", "{8BFC6983-40BB-4D4E-A6BB-3A33E13BB7FD}"
EndProject
Project("{9A19103F-16F7-4668-BE54-9A1E7A4F7556}") = "Core.Application", "src\corePackages\Core.Application\Core.Application.csproj", "{7E6A1E55-B4BE-417D-AA70-D441CD59234A}"
EndProject
Project("{9A19103F-16F7-4668-BE54-9A1E7A4F7556}") = "Core.CrossCuttingConcerns", "src\corePackages\Core.CrossCuttingConcers\Core.CrossCuttingConcerns.csproj", "{E0922244-F21C-44BF-B40E-F90F1B93BCAF}"
EndProject
Project("{9A19103F-16F7-4668-BE54-9A1E7A4F7556}") = "Core.ElasticSearch", "src\corePackages\Core.ElasticSearch\Core.ElasticSearch.csproj", "{D6BC5C1A-A3F0-4E9D-B122-154D3E4C9FB1}"
EndProject
Project("{9A19103F-16F7-4668-BE54-9A1E7A4F7556}") = "Core.Mailing", "src\corePackages\Core.Mailing\Core.Mailing.csproj", "{BE8E4DE2-8BFB-4201-8A02-DE048D8E7750}"
EndProject
Project("{9A19103F-16F7-4668-BE54-9A1E7A4F7556}") = "Core.Persistence", "src\corePackages\Core.Persistence\Core.Persistence.csproj", "{B1A6959F-6E8F-4324-B727-9583EFDBB3F8}"
EndProject
Project("{9A19103F-16F7-4668-BE54-9A1E7A4F7556}") = "Core.Security", "src\corePackages\Core.Security\Core.Security.csproj", "{C7CFC0B6-978D-4658-BC78-38211E31E94A}"
EndProject
Global
	GlobalSection(SolutionConfigurationPlatforms) = preSolution
		Debug|Any CPU = Debug|Any CPU
		Release|Any CPU = Release|Any CPU
	EndGlobalSection
	GlobalSection(ProjectConfigurationPlatforms) = postSolution
		{84095492-1F22-4086-A63B-63A2168E110E}.Debug|Any CPU.ActiveCfg = Debug|Any CPU
		{84095492-1F22-4086-A63B-63A2168E110E}.Debug|Any CPU.Build.0 = Debug|Any CPU
		{84095492-1F22-4086-A63B-63A2168E110E}.Release|Any CPU.ActiveCfg = Release|Any CPU
		{84095492-1F22-4086-A63B-63A2168E110E}.Release|Any CPU.Build.0 = Release|Any CPU
		{BDC8F37C-A9F9-496C-BE0C-28944617A35D}.Debug|Any CPU.ActiveCfg = Debug|Any CPU
		{BDC8F37C-A9F9-496C-BE0C-28944617A35D}.Debug|Any CPU.Build.0 = Debug|Any CPU
		{BDC8F37C-A9F9-496C-BE0C-28944617A35D}.Release|Any CPU.ActiveCfg = Release|Any CPU
		{BDC8F37C-A9F9-496C-BE0C-28944617A35D}.Release|Any CPU.Build.0 = Release|Any CPU
		{9C31CC13-507C-4A0E-A687-3F0AA25C0911}.Debug|Any CPU.ActiveCfg = Debug|Any CPU
		{9C31CC13-507C-4A0E-A687-3F0AA25C0911}.Debug|Any CPU.Build.0 = Debug|Any CPU
		{9C31CC13-507C-4A0E-A687-3F0AA25C0911}.Release|Any CPU.ActiveCfg = Release|Any CPU
		{9C31CC13-507C-4A0E-A687-3F0AA25C0911}.Release|Any CPU.Build.0 = Release|Any CPU
		{9B67F5BC-3D9C-4C37-9874-FD2BB5C69603}.Debug|Any CPU.ActiveCfg = Debug|Any CPU
		{9B67F5BC-3D9C-4C37-9874-FD2BB5C69603}.Debug|Any CPU.Build.0 = Debug|Any CPU
		{9B67F5BC-3D9C-4C37-9874-FD2BB5C69603}.Release|Any CPU.ActiveCfg = Release|Any CPU
		{9B67F5BC-3D9C-4C37-9874-FD2BB5C69603}.Release|Any CPU.Build.0 = Release|Any CPU
		{BFA8110D-7485-4AB0-B4D1-843265C9D8C6}.Debug|Any CPU.ActiveCfg = Debug|Any CPU
		{BFA8110D-7485-4AB0-B4D1-843265C9D8C6}.Debug|Any CPU.Build.0 = Debug|Any CPU
		{BFA8110D-7485-4AB0-B4D1-843265C9D8C6}.Release|Any CPU.ActiveCfg = Release|Any CPU
		{BFA8110D-7485-4AB0-B4D1-843265C9D8C6}.Release|Any CPU.Build.0 = Release|Any CPU
		{7E6A1E55-B4BE-417D-AA70-D441CD59234A}.Debug|Any CPU.ActiveCfg = Debug|Any CPU
		{7E6A1E55-B4BE-417D-AA70-D441CD59234A}.Debug|Any CPU.Build.0 = Debug|Any CPU
		{7E6A1E55-B4BE-417D-AA70-D441CD59234A}.Release|Any CPU.ActiveCfg = Release|Any CPU
		{7E6A1E55-B4BE-417D-AA70-D441CD59234A}.Release|Any CPU.Build.0 = Release|Any CPU
		{E0922244-F21C-44BF-B40E-F90F1B93BCAF}.Debug|Any CPU.ActiveCfg = Debug|Any CPU
		{E0922244-F21C-44BF-B40E-F90F1B93BCAF}.Debug|Any CPU.Build.0 = Debug|Any CPU
		{E0922244-F21C-44BF-B40E-F90F1B93BCAF}.Release|Any CPU.ActiveCfg = Release|Any CPU
		{E0922244-F21C-44BF-B40E-F90F1B93BCAF}.Release|Any CPU.Build.0 = Release|Any CPU
		{D6BC5C1A-A3F0-4E9D-B122-154D3E4C9FB1}.Debug|Any CPU.ActiveCfg = Debug|Any CPU
		{D6BC5C1A-A3F0-4E9D-B122-154D3E4C9FB1}.Debug|Any CPU.Build.0 = Debug|Any CPU
		{D6BC5C1A-A3F0-4E9D-B122-154D3E4C9FB1}.Release|Any CPU.ActiveCfg = Release|Any CPU
		{D6BC5C1A-A3F0-4E9D-B122-154D3E4C9FB1}.Release|Any CPU.Build.0 = Release|Any CPU
		{BE8E4DE2-8BFB-4201-8A02-DE048D8E7750}.Debug|Any CPU.ActiveCfg = Debug|Any CPU
		{BE8E4DE2-8BFB-4201-8A02-DE048D8E7750}.Debug|Any CPU.Build.0 = Debug|Any CPU
		{BE8E4DE2-8BFB-4201-8A02-DE048D8E7750}.Release|Any CPU.ActiveCfg = Release|Any CPU
		{BE8E4DE2-8BFB-4201-8A02-DE048D8E7750}.Release|Any CPU.Build.0 = Release|Any CPU
		{B1A6959F-6E8F-4324-B727-9583EFDBB3F8}.Debug|Any CPU.ActiveCfg = Debug|Any CPU
		{B1A6959F-6E8F-4324-B727-9583EFDBB3F8}.Debug|Any CPU.Build.0 = Debug|Any CPU
		{B1A6959F-6E8F-4324-B727-9583EFDBB3F8}.Release|Any CPU.ActiveCfg = Release|Any CPU
		{B1A6959F-6E8F-4324-B727-9583EFDBB3F8}.Release|Any CPU.Build.0 = Release|Any CPU
		{C7CFC0B6-978D-4658-BC78-38211E31E94A}.Debug|Any CPU.ActiveCfg = Debug|Any CPU
		{C7CFC0B6-978D-4658-BC78-38211E31E94A}.Debug|Any CPU.Build.0 = Debug|Any CPU
		{C7CFC0B6-978D-4658-BC78-38211E31E94A}.Release|Any CPU.ActiveCfg = Release|Any CPU
		{C7CFC0B6-978D-4658-BC78-38211E31E94A}.Release|Any CPU.Build.0 = Release|Any CPU
	EndGlobalSection
	GlobalSection(SolutionProperties) = preSolution
		HideSolutionNode = FALSE
	EndGlobalSection
	GlobalSection(NestedProjects) = preSolution
		{C54290BD-B44F-4A12-9D58-84C85193B942} = {81ED8552-2AF1-4808-9DFA-4C36184972B1}
		{84095492-1F22-4086-A63B-63A2168E110E} = {C54290BD-B44F-4A12-9D58-84C85193B942}
		{BDC8F37C-A9F9-496C-BE0C-28944617A35D} = {C54290BD-B44F-4A12-9D58-84C85193B942}
		{9C31CC13-507C-4A0E-A687-3F0AA25C0911} = {C54290BD-B44F-4A12-9D58-84C85193B942}
		{9B67F5BC-3D9C-4C37-9874-FD2BB5C69603} = {C54290BD-B44F-4A12-9D58-84C85193B942}
		{BFA8110D-7485-4AB0-B4D1-843265C9D8C6} = {C54290BD-B44F-4A12-9D58-84C85193B942}
		{8BFC6983-40BB-4D4E-A6BB-3A33E13BB7FD} = {81ED8552-2AF1-4808-9DFA-4C36184972B1}
		{7E6A1E55-B4BE-417D-AA70-D441CD59234A} = {8BFC6983-40BB-4D4E-A6BB-3A33E13BB7FD}
		{E0922244-F21C-44BF-B40E-F90F1B93BCAF} = {8BFC6983-40BB-4D4E-A6BB-3A33E13BB7FD}
		{D6BC5C1A-A3F0-4E9D-B122-154D3E4C9FB1} = {8BFC6983-40BB-4D4E-A6BB-3A33E13BB7FD}
		{BE8E4DE2-8BFB-4201-8A02-DE048D8E7750} = {8BFC6983-40BB-4D4E-A6BB-3A33E13BB7FD}
		{B1A6959F-6E8F-4324-B727-9583EFDBB3F8} = {8BFC6983-40BB-4D4E-A6BB-3A33E13BB7FD}
		{C7CFC0B6-978D-4658-BC78-38211E31E94A} = {8BFC6983-40BB-4D4E-A6BB-3A33E13BB7FD}
	EndGlobalSection
	GlobalSection(ExtensibilityGlobals) = postSolution
		SolutionGuid = {519B9E5D-1317-46EB-A51F-C32D2FD9EE69}
	EndGlobalSection
EndGlobal
